// !$*UTF8*$!
{
	archiveVersion = 1;
	classes = {
	};
	objectVersion = 55;
	objects = {

/* Begin PBXBuildFile section */
		84196EAD28B7FF5600A6FEF9 /* SectionHeaderMainCollectionViewCell.swift in Sources */ = {isa = PBXBuildFile; fileRef = 84196EAC28B7FF5600A6FEF9 /* SectionHeaderMainCollectionViewCell.swift */; };
		84196EB128B810BB00A6FEF9 /* BannerMainCollectionViewCell.swift in Sources */ = {isa = PBXBuildFile; fileRef = 84196EB028B810BB00A6FEF9 /* BannerMainCollectionViewCell.swift */; };
		84196EB628B89B5E00A6FEF9 /* ProductView.swift in Sources */ = {isa = PBXBuildFile; fileRef = 84196EB528B89B5E00A6FEF9 /* ProductView.swift */; };
		84196EB828B89B8900A6FEF9 /* ProductMainCollectionViewCell.swift in Sources */ = {isa = PBXBuildFile; fileRef = 84196EB728B89B8900A6FEF9 /* ProductMainCollectionViewCell.swift */; };
		84196EBB28B8A72900A6FEF9 /* Kingfisher in Frameworks */ = {isa = PBXBuildFile; productRef = 84196EBA28B8A72900A6FEF9 /* Kingfisher */; };
		84196EBD28B8A83700A6FEF9 /* Colors.xcassets in Resources */ = {isa = PBXBuildFile; fileRef = 84196EBC28B8A83700A6FEF9 /* Colors.xcassets */; };
		84196EBF28B8A86D00A6FEF9 /* swiftgen.yml in Resources */ = {isa = PBXBuildFile; fileRef = 84196EBE28B8A86D00A6FEF9 /* swiftgen.yml */; };
		84196EC928B8AB4400A6FEF9 /* Localizable.strings in Resources */ = {isa = PBXBuildFile; fileRef = 84196EC728B8AB4400A6FEF9 /* Localizable.strings */; };
		84196ED228B8E0B400A6FEF9 /* Strings+Generated.swift in Sources */ = {isa = PBXBuildFile; fileRef = 84196ED028B8E0B400A6FEF9 /* Strings+Generated.swift */; };
		84196ED328B8E0B400A6FEF9 /* XCAssets+Generated.swift in Sources */ = {isa = PBXBuildFile; fileRef = 84196ED128B8E0B400A6FEF9 /* XCAssets+Generated.swift */; };
		84196ED628B8FAE500A6FEF9 /* BounceButton.swift in Sources */ = {isa = PBXBuildFile; fileRef = 84196ED528B8FAE500A6FEF9 /* BounceButton.swift */; };
		84196EDA28B92DBD00A6FEF9 /* Agent.swift in Sources */ = {isa = PBXBuildFile; fileRef = 84196ED928B92DBD00A6FEF9 /* Agent.swift */; };
		84196EDC28B92E8200A6FEF9 /* API.swift in Sources */ = {isa = PBXBuildFile; fileRef = 84196EDB28B92E8200A6FEF9 /* API.swift */; };
		84196EDF28B92FA300A6FEF9 /* StoreContent.swift in Sources */ = {isa = PBXBuildFile; fileRef = 84196EDE28B92FA300A6FEF9 /* StoreContent.swift */; };
		84196EE828B9F7A100A6FEF9 /* Mark-Pro-Bold.ttf in Resources */ = {isa = PBXBuildFile; fileRef = 84196EE628B9F7A100A6FEF9 /* Mark-Pro-Bold.ttf */; };
		84196EE928B9F7A100A6FEF9 /* Mark-Pro.ttf in Resources */ = {isa = PBXBuildFile; fileRef = 84196EE728B9F7A100A6FEF9 /* Mark-Pro.ttf */; };
		84196EF428B9F7C300A6FEF9 /* SFPRODISPLAYULTRALIGHTITALIC.OTF in Resources */ = {isa = PBXBuildFile; fileRef = 84196EEB28B9F7C300A6FEF9 /* SFPRODISPLAYULTRALIGHTITALIC.OTF */; };
		84196EF528B9F7C300A6FEF9 /* SFPRODISPLAYREGULAR.OTF in Resources */ = {isa = PBXBuildFile; fileRef = 84196EEC28B9F7C300A6FEF9 /* SFPRODISPLAYREGULAR.OTF */; };
		84196EF628B9F7C300A6FEF9 /* SFPRODISPLAYMEDIUM.OTF in Resources */ = {isa = PBXBuildFile; fileRef = 84196EED28B9F7C300A6FEF9 /* SFPRODISPLAYMEDIUM.OTF */; };
		84196EF728B9F7C300A6FEF9 /* SFPRODISPLAYBLACKITALIC.OTF in Resources */ = {isa = PBXBuildFile; fileRef = 84196EEE28B9F7C300A6FEF9 /* SFPRODISPLAYBLACKITALIC.OTF */; };
		84196EF828B9F7C300A6FEF9 /* SFPRODISPLAYHEAVYITALIC.OTF in Resources */ = {isa = PBXBuildFile; fileRef = 84196EEF28B9F7C300A6FEF9 /* SFPRODISPLAYHEAVYITALIC.OTF */; };
		84196EF928B9F7C300A6FEF9 /* SFPRODISPLAYTHINITALIC.OTF in Resources */ = {isa = PBXBuildFile; fileRef = 84196EF028B9F7C300A6FEF9 /* SFPRODISPLAYTHINITALIC.OTF */; };
		84196EFA28B9F7C300A6FEF9 /* SFPRODISPLAYBOLD.OTF in Resources */ = {isa = PBXBuildFile; fileRef = 84196EF128B9F7C300A6FEF9 /* SFPRODISPLAYBOLD.OTF */; };
		84196EFB28B9F7C300A6FEF9 /* SFPRODISPLAYLIGHTITALIC.OTF in Resources */ = {isa = PBXBuildFile; fileRef = 84196EF228B9F7C300A6FEF9 /* SFPRODISPLAYLIGHTITALIC.OTF */; };
		84196EFC28B9F7C300A6FEF9 /* SFPRODISPLAYSEMIBOLDITALIC.OTF in Resources */ = {isa = PBXBuildFile; fileRef = 84196EF328B9F7C300A6FEF9 /* SFPRODISPLAYSEMIBOLDITALIC.OTF */; };
		84196EFE28B9F92600A6FEF9 /* Fonts+Generated.swift in Sources */ = {isa = PBXBuildFile; fileRef = 84196EFD28B9F92600A6FEF9 /* Fonts+Generated.swift */; };
		84196F0028B9F9AB00A6FEF9 /* MarkPro-Medium.ttf in Resources */ = {isa = PBXBuildFile; fileRef = 84196EFF28B9F9AB00A6FEF9 /* MarkPro-Medium.ttf */; };
		84196F0228BA380C00A6FEF9 /* QRView.swift in Sources */ = {isa = PBXBuildFile; fileRef = 84196F0128BA380C00A6FEF9 /* QRView.swift */; };
		8429AD9728B7927600D615F3 /* AppDelegate.swift in Sources */ = {isa = PBXBuildFile; fileRef = 8429AD9628B7927600D615F3 /* AppDelegate.swift */; };
		8429ADA028B7927700D615F3 /* Assets.xcassets in Resources */ = {isa = PBXBuildFile; fileRef = 8429AD9F28B7927700D615F3 /* Assets.xcassets */; };
		8429ADA328B7927700D615F3 /* LaunchScreen.storyboard in Resources */ = {isa = PBXBuildFile; fileRef = 8429ADA128B7927700D615F3 /* LaunchScreen.storyboard */; };
		8429ADB728B79F6700D615F3 /* MainViewController.swift in Sources */ = {isa = PBXBuildFile; fileRef = 8429ADB628B79F6700D615F3 /* MainViewController.swift */; };
		8429ADBD28B7A20400D615F3 /* BaseViewConrtoller.swift in Sources */ = {isa = PBXBuildFile; fileRef = 8429ADBC28B7A20400D615F3 /* BaseViewConrtoller.swift */; };
		8429ADC028B7A2CC00D615F3 /* UIView+Extensions.swift in Sources */ = {isa = PBXBuildFile; fileRef = 8429ADBF28B7A2CC00D615F3 /* UIView+Extensions.swift */; };
		8429ADC228B7A37E00D615F3 /* MainView.swift in Sources */ = {isa = PBXBuildFile; fileRef = 8429ADC128B7A37E00D615F3 /* MainView.swift */; };
		8429ADC528B7A91B00D615F3 /* MainCollectionView.swift in Sources */ = {isa = PBXBuildFile; fileRef = 8429ADC428B7A91B00D615F3 /* MainCollectionView.swift */; };
		8429ADC728B7A99E00D615F3 /* MainCollectionView+Layout.swift in Sources */ = {isa = PBXBuildFile; fileRef = 8429ADC628B7A99E00D615F3 /* MainCollectionView+Layout.swift */; };
		8429ADCF28B7ADBD00D615F3 /* SnapKit in Frameworks */ = {isa = PBXBuildFile; productRef = 8429ADCE28B7ADBD00D615F3 /* SnapKit */; };
		8429ADD228B7B14C00D615F3 /* CategoryMainCollectionViewCell.swift in Sources */ = {isa = PBXBuildFile; fileRef = 8429ADD128B7B14C00D615F3 /* CategoryMainCollectionViewCell.swift */; };
		8429ADD528B7B5EE00D615F3 /* MainModel.swift in Sources */ = {isa = PBXBuildFile; fileRef = 8429ADD428B7B5EE00D615F3 /* MainModel.swift */; };
		8429ADD828B7FAD400D615F3 /* SearchView.swift in Sources */ = {isa = PBXBuildFile; fileRef = 8429ADD728B7FAD400D615F3 /* SearchView.swift */; };
		8429ADDA28B7FB5F00D615F3 /* SearchMainCollectionView.swift in Sources */ = {isa = PBXBuildFile; fileRef = 8429ADD928B7FB5F00D615F3 /* SearchMainCollectionView.swift */; };
		94B60E9F5D3F863F6E6F0B96 /* Pods_catalog.framework in Frameworks */ = {isa = PBXBuildFile; fileRef = 43CB2DB3E2E5D9ED0D32AD2A /* Pods_catalog.framework */; };
/* End PBXBuildFile section */

/* Begin PBXFileReference section */
		43CB2DB3E2E5D9ED0D32AD2A /* Pods_catalog.framework */ = {isa = PBXFileReference; explicitFileType = wrapper.framework; includeInIndex = 0; path = Pods_catalog.framework; sourceTree = BUILT_PRODUCTS_DIR; };
		4E52BC360CDB3005494D3AD8 /* Pods-catalog.release.xcconfig */ = {isa = PBXFileReference; includeInIndex = 1; lastKnownFileType = text.xcconfig; name = "Pods-catalog.release.xcconfig"; path = "Target Support Files/Pods-catalog/Pods-catalog.release.xcconfig"; sourceTree = "<group>"; };
		57EA46A80D19B75C70318CE0 /* Pods-catalog.debug.xcconfig */ = {isa = PBXFileReference; includeInIndex = 1; lastKnownFileType = text.xcconfig; name = "Pods-catalog.debug.xcconfig"; path = "Target Support Files/Pods-catalog/Pods-catalog.debug.xcconfig"; sourceTree = "<group>"; };
		84196EAC28B7FF5600A6FEF9 /* SectionHeaderMainCollectionViewCell.swift */ = {isa = PBXFileReference; lastKnownFileType = sourcecode.swift; path = SectionHeaderMainCollectionViewCell.swift; sourceTree = "<group>"; };
		84196EB028B810BB00A6FEF9 /* BannerMainCollectionViewCell.swift */ = {isa = PBXFileReference; lastKnownFileType = sourcecode.swift; path = BannerMainCollectionViewCell.swift; sourceTree = "<group>"; };
		84196EB528B89B5E00A6FEF9 /* ProductView.swift */ = {isa = PBXFileReference; lastKnownFileType = sourcecode.swift; path = ProductView.swift; sourceTree = "<group>"; };
		84196EB728B89B8900A6FEF9 /* ProductMainCollectionViewCell.swift */ = {isa = PBXFileReference; lastKnownFileType = sourcecode.swift; path = ProductMainCollectionViewCell.swift; sourceTree = "<group>"; };
		84196EBC28B8A83700A6FEF9 /* Colors.xcassets */ = {isa = PBXFileReference; lastKnownFileType = folder.assetcatalog; path = Colors.xcassets; sourceTree = "<group>"; };
		84196EBE28B8A86D00A6FEF9 /* swiftgen.yml */ = {isa = PBXFileReference; fileEncoding = 4; lastKnownFileType = text.yaml; path = swiftgen.yml; sourceTree = "<group>"; };
		84196EC828B8AB4400A6FEF9 /* en */ = {isa = PBXFileReference; lastKnownFileType = text.plist.strings; name = en; path = Localizable.strings; sourceTree = "<group>"; };
		84196ED028B8E0B400A6FEF9 /* Strings+Generated.swift */ = {isa = PBXFileReference; fileEncoding = 4; lastKnownFileType = sourcecode.swift; path = "Strings+Generated.swift"; sourceTree = "<group>"; };
		84196ED128B8E0B400A6FEF9 /* XCAssets+Generated.swift */ = {isa = PBXFileReference; fileEncoding = 4; lastKnownFileType = sourcecode.swift; path = "XCAssets+Generated.swift"; sourceTree = "<group>"; };
		84196ED528B8FAE500A6FEF9 /* BounceButton.swift */ = {isa = PBXFileReference; lastKnownFileType = sourcecode.swift; path = BounceButton.swift; sourceTree = "<group>"; };
		84196ED928B92DBD00A6FEF9 /* Agent.swift */ = {isa = PBXFileReference; lastKnownFileType = sourcecode.swift; path = Agent.swift; sourceTree = "<group>"; };
		84196EDB28B92E8200A6FEF9 /* API.swift */ = {isa = PBXFileReference; lastKnownFileType = sourcecode.swift; path = API.swift; sourceTree = "<group>"; };
		84196EDE28B92FA300A6FEF9 /* StoreContent.swift */ = {isa = PBXFileReference; lastKnownFileType = sourcecode.swift; path = StoreContent.swift; sourceTree = "<group>"; };
		84196EE628B9F7A100A6FEF9 /* Mark-Pro-Bold.ttf */ = {isa = PBXFileReference; lastKnownFileType = file; path = "Mark-Pro-Bold.ttf"; sourceTree = "<group>"; };
		84196EE728B9F7A100A6FEF9 /* Mark-Pro.ttf */ = {isa = PBXFileReference; lastKnownFileType = file; path = "Mark-Pro.ttf"; sourceTree = "<group>"; };
		84196EEB28B9F7C300A6FEF9 /* SFPRODISPLAYULTRALIGHTITALIC.OTF */ = {isa = PBXFileReference; lastKnownFileType = file; path = SFPRODISPLAYULTRALIGHTITALIC.OTF; sourceTree = "<group>"; };
		84196EEC28B9F7C300A6FEF9 /* SFPRODISPLAYREGULAR.OTF */ = {isa = PBXFileReference; lastKnownFileType = file; path = SFPRODISPLAYREGULAR.OTF; sourceTree = "<group>"; };
		84196EED28B9F7C300A6FEF9 /* SFPRODISPLAYMEDIUM.OTF */ = {isa = PBXFileReference; lastKnownFileType = file; path = SFPRODISPLAYMEDIUM.OTF; sourceTree = "<group>"; };
		84196EEE28B9F7C300A6FEF9 /* SFPRODISPLAYBLACKITALIC.OTF */ = {isa = PBXFileReference; lastKnownFileType = file; path = SFPRODISPLAYBLACKITALIC.OTF; sourceTree = "<group>"; };
		84196EEF28B9F7C300A6FEF9 /* SFPRODISPLAYHEAVYITALIC.OTF */ = {isa = PBXFileReference; lastKnownFileType = file; path = SFPRODISPLAYHEAVYITALIC.OTF; sourceTree = "<group>"; };
		84196EF028B9F7C300A6FEF9 /* SFPRODISPLAYTHINITALIC.OTF */ = {isa = PBXFileReference; lastKnownFileType = file; path = SFPRODISPLAYTHINITALIC.OTF; sourceTree = "<group>"; };
		84196EF128B9F7C300A6FEF9 /* SFPRODISPLAYBOLD.OTF */ = {isa = PBXFileReference; lastKnownFileType = file; path = SFPRODISPLAYBOLD.OTF; sourceTree = "<group>"; };
		84196EF228B9F7C300A6FEF9 /* SFPRODISPLAYLIGHTITALIC.OTF */ = {isa = PBXFileReference; lastKnownFileType = file; path = SFPRODISPLAYLIGHTITALIC.OTF; sourceTree = "<group>"; };
		84196EF328B9F7C300A6FEF9 /* SFPRODISPLAYSEMIBOLDITALIC.OTF */ = {isa = PBXFileReference; lastKnownFileType = file; path = SFPRODISPLAYSEMIBOLDITALIC.OTF; sourceTree = "<group>"; };
		84196EFD28B9F92600A6FEF9 /* Fonts+Generated.swift */ = {isa = PBXFileReference; fileEncoding = 4; lastKnownFileType = sourcecode.swift; path = "Fonts+Generated.swift"; sourceTree = "<group>"; };
		84196EFF28B9F9AB00A6FEF9 /* MarkPro-Medium.ttf */ = {isa = PBXFileReference; lastKnownFileType = file; path = "MarkPro-Medium.ttf"; sourceTree = "<group>"; };
		84196F0128BA380C00A6FEF9 /* QRView.swift */ = {isa = PBXFileReference; lastKnownFileType = sourcecode.swift; path = QRView.swift; sourceTree = "<group>"; };
		8429AD9328B7927600D615F3 /* catalog.app */ = {isa = PBXFileReference; explicitFileType = wrapper.application; includeInIndex = 0; path = catalog.app; sourceTree = BUILT_PRODUCTS_DIR; };
		8429AD9628B7927600D615F3 /* AppDelegate.swift */ = {isa = PBXFileReference; lastKnownFileType = sourcecode.swift; path = AppDelegate.swift; sourceTree = "<group>"; };
		8429AD9F28B7927700D615F3 /* Assets.xcassets */ = {isa = PBXFileReference; lastKnownFileType = folder.assetcatalog; path = Assets.xcassets; sourceTree = "<group>"; };
		8429ADA228B7927700D615F3 /* Base */ = {isa = PBXFileReference; lastKnownFileType = file.storyboard; name = Base; path = Base.lproj/LaunchScreen.storyboard; sourceTree = "<group>"; };
		8429ADA428B7927700D615F3 /* Info.plist */ = {isa = PBXFileReference; lastKnownFileType = text.plist.xml; path = Info.plist; sourceTree = "<group>"; };
		8429ADB628B79F6700D615F3 /* MainViewController.swift */ = {isa = PBXFileReference; lastKnownFileType = sourcecode.swift; path = MainViewController.swift; sourceTree = "<group>"; };
		8429ADBC28B7A20400D615F3 /* BaseViewConrtoller.swift */ = {isa = PBXFileReference; lastKnownFileType = sourcecode.swift; path = BaseViewConrtoller.swift; sourceTree = "<group>"; };
		8429ADBF28B7A2CC00D615F3 /* UIView+Extensions.swift */ = {isa = PBXFileReference; lastKnownFileType = sourcecode.swift; path = "UIView+Extensions.swift"; sourceTree = "<group>"; };
		8429ADC128B7A37E00D615F3 /* MainView.swift */ = {isa = PBXFileReference; lastKnownFileType = sourcecode.swift; path = MainView.swift; sourceTree = "<group>"; };
		8429ADC428B7A91B00D615F3 /* MainCollectionView.swift */ = {isa = PBXFileReference; lastKnownFileType = sourcecode.swift; path = MainCollectionView.swift; sourceTree = "<group>"; };
		8429ADC628B7A99E00D615F3 /* MainCollectionView+Layout.swift */ = {isa = PBXFileReference; lastKnownFileType = sourcecode.swift; path = "MainCollectionView+Layout.swift"; sourceTree = "<group>"; };
		8429ADD128B7B14C00D615F3 /* CategoryMainCollectionViewCell.swift */ = {isa = PBXFileReference; lastKnownFileType = sourcecode.swift; path = CategoryMainCollectionViewCell.swift; sourceTree = "<group>"; };
		8429ADD428B7B5EE00D615F3 /* MainModel.swift */ = {isa = PBXFileReference; lastKnownFileType = sourcecode.swift; path = MainModel.swift; sourceTree = "<group>"; };
		8429ADD728B7FAD400D615F3 /* SearchView.swift */ = {isa = PBXFileReference; lastKnownFileType = sourcecode.swift; path = SearchView.swift; sourceTree = "<group>"; };
		8429ADD928B7FB5F00D615F3 /* SearchMainCollectionView.swift */ = {isa = PBXFileReference; lastKnownFileType = sourcecode.swift; path = SearchMainCollectionView.swift; sourceTree = "<group>"; };
/* End PBXFileReference section */

/* Begin PBXFrameworksBuildPhase section */
		8429AD9028B7927600D615F3 /* Frameworks */ = {
			isa = PBXFrameworksBuildPhase;
			buildActionMask = 2147483647;
			files = (
				84196EBB28B8A72900A6FEF9 /* Kingfisher in Frameworks */,
				8429ADCF28B7ADBD00D615F3 /* SnapKit in Frameworks */,
				94B60E9F5D3F863F6E6F0B96 /* Pods_catalog.framework in Frameworks */,
			);
			runOnlyForDeploymentPostprocessing = 0;
		};
/* End PBXFrameworksBuildPhase section */

/* Begin PBXGroup section */
		55A0ADDAE235E11D2857E66B /* Frameworks */ = {
			isa = PBXGroup;
			children = (
				43CB2DB3E2E5D9ED0D32AD2A /* Pods_catalog.framework */,
			);
			name = Frameworks;
			sourceTree = "<group>";
		};
		84196EAE28B8079000A6FEF9 /* Header */ = {
			isa = PBXGroup;
			children = (
				84196EAC28B7FF5600A6FEF9 /* SectionHeaderMainCollectionViewCell.swift */,
			);
			path = Header;
			sourceTree = "<group>";
		};
		84196EAF28B8109C00A6FEF9 /* Banner */ = {
			isa = PBXGroup;
			children = (
				84196EB028B810BB00A6FEF9 /* BannerMainCollectionViewCell.swift */,
			);
			path = Banner;
			sourceTree = "<group>";
		};
		84196EB228B8182700A6FEF9 /* Elements */ = {
			isa = PBXGroup;
			children = (
				84196EB328B8182E00A6FEF9 /* Input */,
			);
			path = Elements;
			sourceTree = "<group>";
		};
		84196EB328B8182E00A6FEF9 /* Input */ = {
			isa = PBXGroup;
			children = (
				84196F0328BA381000A6FEF9 /* SearchView */,
			);
			path = Input;
			sourceTree = "<group>";
		};
		84196EB428B89B4B00A6FEF9 /* Product */ = {
			isa = PBXGroup;
			children = (
				84196EB528B89B5E00A6FEF9 /* ProductView.swift */,
				84196EB728B89B8900A6FEF9 /* ProductMainCollectionViewCell.swift */,
			);
			path = Product;
			sourceTree = "<group>";
		};
		84196EC028B8A8D700A6FEF9 /* en.lproj */ = {
			isa = PBXGroup;
			children = (
				84196EC728B8AB4400A6FEF9 /* Localizable.strings */,
			);
			path = en.lproj;
			sourceTree = "<group>";
		};
		84196ECF28B8E0A000A6FEF9 /* Generated */ = {
			isa = PBXGroup;
			children = (
				84196EFD28B9F92600A6FEF9 /* Fonts+Generated.swift */,
				84196ED028B8E0B400A6FEF9 /* Strings+Generated.swift */,
				84196ED128B8E0B400A6FEF9 /* XCAssets+Generated.swift */,
			);
			path = Generated;
			sourceTree = "<group>";
		};
		84196ED428B8FAD900A6FEF9 /* UIButton */ = {
			isa = PBXGroup;
			children = (
				84196ED528B8FAE500A6FEF9 /* BounceButton.swift */,
			);
			path = UIButton;
			sourceTree = "<group>";
		};
		84196ED728B92D3300A6FEF9 /* API */ = {
			isa = PBXGroup;
			children = (
				84196ED828B92D3700A6FEF9 /* Core */,
				84196EDD28B92F3B00A6FEF9 /* Endpoint */,
			);
			path = API;
			sourceTree = "<group>";
		};
		84196ED828B92D3700A6FEF9 /* Core */ = {
			isa = PBXGroup;
			children = (
				84196ED928B92DBD00A6FEF9 /* Agent.swift */,
				84196EDB28B92E8200A6FEF9 /* API.swift */,
			);
			path = Core;
			sourceTree = "<group>";
		};
		84196EDD28B92F3B00A6FEF9 /* Endpoint */ = {
			isa = PBXGroup;
			children = (
				84196EDE28B92FA300A6FEF9 /* StoreContent.swift */,
			);
			path = Endpoint;
			sourceTree = "<group>";
		};
		84196EE428B9F77300A6FEF9 /* Fonts */ = {
			isa = PBXGroup;
			children = (
				84196EEA28B9F7A800A6FEF9 /* SF-Pro-Display */,
				84196EE528B9F78D00A6FEF9 /* Mark-Pro */,
			);
			path = Fonts;
			sourceTree = "<group>";
		};
		84196EE528B9F78D00A6FEF9 /* Mark-Pro */ = {
			isa = PBXGroup;
			children = (
				84196EFF28B9F9AB00A6FEF9 /* MarkPro-Medium.ttf */,
				84196EE628B9F7A100A6FEF9 /* Mark-Pro-Bold.ttf */,
				84196EE728B9F7A100A6FEF9 /* Mark-Pro.ttf */,
			);
			path = "Mark-Pro";
			sourceTree = "<group>";
		};
		84196EEA28B9F7A800A6FEF9 /* SF-Pro-Display */ = {
			isa = PBXGroup;
			children = (
				84196EEE28B9F7C300A6FEF9 /* SFPRODISPLAYBLACKITALIC.OTF */,
				84196EF128B9F7C300A6FEF9 /* SFPRODISPLAYBOLD.OTF */,
				84196EEF28B9F7C300A6FEF9 /* SFPRODISPLAYHEAVYITALIC.OTF */,
				84196EF228B9F7C300A6FEF9 /* SFPRODISPLAYLIGHTITALIC.OTF */,
				84196EED28B9F7C300A6FEF9 /* SFPRODISPLAYMEDIUM.OTF */,
				84196EEC28B9F7C300A6FEF9 /* SFPRODISPLAYREGULAR.OTF */,
				84196EF328B9F7C300A6FEF9 /* SFPRODISPLAYSEMIBOLDITALIC.OTF */,
				84196EF028B9F7C300A6FEF9 /* SFPRODISPLAYTHINITALIC.OTF */,
				84196EEB28B9F7C300A6FEF9 /* SFPRODISPLAYULTRALIGHTITALIC.OTF */,
			);
			path = "SF-Pro-Display";
			sourceTree = "<group>";
		};
		84196F0328BA381000A6FEF9 /* SearchView */ = {
			isa = PBXGroup;
			children = (
				8429ADD728B7FAD400D615F3 /* SearchView.swift */,
				84196F0128BA380C00A6FEF9 /* QRView.swift */,
			);
			path = SearchView;
			sourceTree = "<group>";
		};
		8429AD8A28B7927600D615F3 = {
			isa = PBXGroup;
			children = (
				84196EBE28B8A86D00A6FEF9 /* swiftgen.yml */,
				8429AD9528B7927600D615F3 /* catalog */,
				8429AD9428B7927600D615F3 /* Products */,
				DA9EEB5C1BB80E6C6A0E6792 /* Pods */,
				55A0ADDAE235E11D2857E66B /* Frameworks */,
			);
			sourceTree = "<group>";
		};
		8429AD9428B7927600D615F3 /* Products */ = {
			isa = PBXGroup;
			children = (
				8429AD9328B7927600D615F3 /* catalog.app */,
			);
			name = Products;
			sourceTree = "<group>";
		};
		8429AD9528B7927600D615F3 /* catalog */ = {
			isa = PBXGroup;
			children = (
				84196ECF28B8E0A000A6FEF9 /* Generated */,
				8429ADAA28B793FB00D615F3 /* Application */,
				8429ADAB28B7940400D615F3 /* Library */,
				8429ADAC28B7941100D615F3 /* Configuration */,
				8429ADAD28B7942F00D615F3 /* Resources */,
			);
			path = catalog;
			sourceTree = "<group>";
		};
		8429ADAA28B793FB00D615F3 /* Application */ = {
			isa = PBXGroup;
			children = (
				8429ADAF28B79E0400D615F3 /* UI */,
				8429ADB028B79E7D00D615F3 /* Model */,
				8429ADAE28B79DAB00D615F3 /* AppDelegate */,
			);
			path = Application;
			sourceTree = "<group>";
		};
		8429ADAB28B7940400D615F3 /* Library */ = {
			isa = PBXGroup;
			children = (
				8429ADB928B7A1E900D615F3 /* UIKit */,
			);
			path = Library;
			sourceTree = "<group>";
		};
		8429ADAC28B7941100D615F3 /* Configuration */ = {
			isa = PBXGroup;
			children = (
				8429ADA428B7927700D615F3 /* Info.plist */,
			);
			path = Configuration;
			sourceTree = "<group>";
		};
		8429ADAD28B7942F00D615F3 /* Resources */ = {
			isa = PBXGroup;
			children = (
				84196EE428B9F77300A6FEF9 /* Fonts */,
				84196EC028B8A8D700A6FEF9 /* en.lproj */,
				8429ADA128B7927700D615F3 /* LaunchScreen.storyboard */,
				8429AD9F28B7927700D615F3 /* Assets.xcassets */,
				84196EBC28B8A83700A6FEF9 /* Colors.xcassets */,
			);
			path = Resources;
			sourceTree = "<group>";
		};
		8429ADAE28B79DAB00D615F3 /* AppDelegate */ = {
			isa = PBXGroup;
			children = (
				8429AD9628B7927600D615F3 /* AppDelegate.swift */,
			);
			path = AppDelegate;
			sourceTree = "<group>";
		};
		8429ADAF28B79E0400D615F3 /* UI */ = {
			isa = PBXGroup;
			children = (
				8429ADB328B79F3200D615F3 /* Screens */,
				84196EB228B8182700A6FEF9 /* Elements */,
			);
			path = UI;
			sourceTree = "<group>";
		};
		8429ADB028B79E7D00D615F3 /* Model */ = {
			isa = PBXGroup;
			children = (
				84196ED728B92D3300A6FEF9 /* API */,
			);
			path = Model;
			sourceTree = "<group>";
		};
		8429ADB328B79F3200D615F3 /* Screens */ = {
			isa = PBXGroup;
			children = (
				8429ADB428B79F5200D615F3 /* Main */,
			);
			path = Screens;
			sourceTree = "<group>";
		};
		8429ADB428B79F5200D615F3 /* Main */ = {
			isa = PBXGroup;
			children = (
				8429ADD328B7B5C100D615F3 /* Data Model */,
				8429ADB828B7A1AD00D615F3 /* View */,
				8429ADB528B79F5900D615F3 /* Controller */,
			);
			path = Main;
			sourceTree = "<group>";
		};
		8429ADB528B79F5900D615F3 /* Controller */ = {
			isa = PBXGroup;
			children = (
				8429ADB628B79F6700D615F3 /* MainViewController.swift */,
			);
			path = Controller;
			sourceTree = "<group>";
		};
		8429ADB828B7A1AD00D615F3 /* View */ = {
			isa = PBXGroup;
			children = (
				8429ADC328B7A90C00D615F3 /* CollectionView */,
				8429ADC128B7A37E00D615F3 /* MainView.swift */,
			);
			path = View;
			sourceTree = "<group>";
		};
		8429ADB928B7A1E900D615F3 /* UIKit */ = {
			isa = PBXGroup;
			children = (
				84196ED428B8FAD900A6FEF9 /* UIButton */,
				8429ADBE28B7A2BE00D615F3 /* UIView */,
				8429ADBA28B7A1ED00D615F3 /* UIViewController */,
			);
			path = UIKit;
			sourceTree = "<group>";
		};
		8429ADBA28B7A1ED00D615F3 /* UIViewController */ = {
			isa = PBXGroup;
			children = (
				8429ADBC28B7A20400D615F3 /* BaseViewConrtoller.swift */,
			);
			path = UIViewController;
			sourceTree = "<group>";
		};
		8429ADBE28B7A2BE00D615F3 /* UIView */ = {
			isa = PBXGroup;
			children = (
				8429ADBF28B7A2CC00D615F3 /* UIView+Extensions.swift */,
			);
			path = UIView;
			sourceTree = "<group>";
		};
		8429ADC328B7A90C00D615F3 /* CollectionView */ = {
			isa = PBXGroup;
			children = (
				84196EAE28B8079000A6FEF9 /* Header */,
				8429ADD028B7B0F600D615F3 /* Category */,
				8429ADD628B7FABF00D615F3 /* Search */,
				84196EAF28B8109C00A6FEF9 /* Banner */,
				84196EB428B89B4B00A6FEF9 /* Product */,
				8429ADC428B7A91B00D615F3 /* MainCollectionView.swift */,
				8429ADC628B7A99E00D615F3 /* MainCollectionView+Layout.swift */,
			);
			path = CollectionView;
			sourceTree = "<group>";
		};
		8429ADD028B7B0F600D615F3 /* Category */ = {
			isa = PBXGroup;
			children = (
				8429ADD128B7B14C00D615F3 /* CategoryMainCollectionViewCell.swift */,
			);
			path = Category;
			sourceTree = "<group>";
		};
		8429ADD328B7B5C100D615F3 /* Data Model */ = {
			isa = PBXGroup;
			children = (
				8429ADD428B7B5EE00D615F3 /* MainModel.swift */,
			);
			path = "Data Model";
			sourceTree = "<group>";
		};
		8429ADD628B7FABF00D615F3 /* Search */ = {
			isa = PBXGroup;
			children = (
				8429ADD928B7FB5F00D615F3 /* SearchMainCollectionView.swift */,
			);
			path = Search;
			sourceTree = "<group>";
		};
		DA9EEB5C1BB80E6C6A0E6792 /* Pods */ = {
			isa = PBXGroup;
			children = (
				57EA46A80D19B75C70318CE0 /* Pods-catalog.debug.xcconfig */,
				4E52BC360CDB3005494D3AD8 /* Pods-catalog.release.xcconfig */,
			);
			path = Pods;
			sourceTree = "<group>";
		};
/* End PBXGroup section */

/* Begin PBXNativeTarget section */
		8429AD9228B7927600D615F3 /* catalog */ = {
			isa = PBXNativeTarget;
			buildConfigurationList = 8429ADA728B7927700D615F3 /* Build configuration list for PBXNativeTarget "catalog" */;
			buildPhases = (
				D74566C67A9C9C897D40A2EE /* [CP] Check Pods Manifest.lock */,
				84196EC128B8A8FC00A6FEF9 /* SwiftGen */,
				8429AD8F28B7927600D615F3 /* Sources */,
				8429AD9028B7927600D615F3 /* Frameworks */,
				8429AD9128B7927600D615F3 /* Resources */,
			);
			buildRules = (
			);
			dependencies = (
			);
			name = catalog;
			packageProductDependencies = (
				8429ADCE28B7ADBD00D615F3 /* SnapKit */,
				84196EBA28B8A72900A6FEF9 /* Kingfisher */,
			);
			productName = catalog;
			productReference = 8429AD9328B7927600D615F3 /* catalog.app */;
			productType = "com.apple.product-type.application";
		};
/* End PBXNativeTarget section */

/* Begin PBXProject section */
		8429AD8B28B7927600D615F3 /* Project object */ = {
			isa = PBXProject;
			attributes = {
				BuildIndependentTargetsInParallel = 1;
				LastSwiftUpdateCheck = 1340;
				LastUpgradeCheck = 1340;
				TargetAttributes = {
					8429AD9228B7927600D615F3 = {
						CreatedOnToolsVersion = 13.4.1;
					};
				};
			};
			buildConfigurationList = 8429AD8E28B7927600D615F3 /* Build configuration list for PBXProject "catalog" */;
			compatibilityVersion = "Xcode 13.0";
			developmentRegion = en;
			hasScannedForEncodings = 0;
			knownRegions = (
				en,
				Base,
			);
			mainGroup = 8429AD8A28B7927600D615F3;
			packageReferences = (
				8429ADCD28B7ADBD00D615F3 /* XCRemoteSwiftPackageReference "SnapKit" */,
				84196EB928B8A72900A6FEF9 /* XCRemoteSwiftPackageReference "Kingfisher" */,
			);
			productRefGroup = 8429AD9428B7927600D615F3 /* Products */;
			projectDirPath = "";
			projectRoot = "";
			targets = (
				8429AD9228B7927600D615F3 /* catalog */,
			);
		};
/* End PBXProject section */

/* Begin PBXResourcesBuildPhase section */
		8429AD9128B7927600D615F3 /* Resources */ = {
			isa = PBXResourcesBuildPhase;
			buildActionMask = 2147483647;
			files = (
				84196EF628B9F7C300A6FEF9 /* SFPRODISPLAYMEDIUM.OTF in Resources */,
				84196EE828B9F7A100A6FEF9 /* Mark-Pro-Bold.ttf in Resources */,
				84196F0028B9F9AB00A6FEF9 /* MarkPro-Medium.ttf in Resources */,
				84196EFB28B9F7C300A6FEF9 /* SFPRODISPLAYLIGHTITALIC.OTF in Resources */,
				84196EC928B8AB4400A6FEF9 /* Localizable.strings in Resources */,
				84196EF428B9F7C300A6FEF9 /* SFPRODISPLAYULTRALIGHTITALIC.OTF in Resources */,
				84196EF928B9F7C300A6FEF9 /* SFPRODISPLAYTHINITALIC.OTF in Resources */,
				84196EE928B9F7A100A6FEF9 /* Mark-Pro.ttf in Resources */,
				84196EF728B9F7C300A6FEF9 /* SFPRODISPLAYBLACKITALIC.OTF in Resources */,
				84196EF528B9F7C300A6FEF9 /* SFPRODISPLAYREGULAR.OTF in Resources */,
				84196EBD28B8A83700A6FEF9 /* Colors.xcassets in Resources */,
				84196EFC28B9F7C300A6FEF9 /* SFPRODISPLAYSEMIBOLDITALIC.OTF in Resources */,
				8429ADA328B7927700D615F3 /* LaunchScreen.storyboard in Resources */,
				84196EF828B9F7C300A6FEF9 /* SFPRODISPLAYHEAVYITALIC.OTF in Resources */,
				8429ADA028B7927700D615F3 /* Assets.xcassets in Resources */,
				84196EFA28B9F7C300A6FEF9 /* SFPRODISPLAYBOLD.OTF in Resources */,
				84196EBF28B8A86D00A6FEF9 /* swiftgen.yml in Resources */,
			);
			runOnlyForDeploymentPostprocessing = 0;
		};
/* End PBXResourcesBuildPhase section */

/* Begin PBXShellScriptBuildPhase section */
		84196EC128B8A8FC00A6FEF9 /* SwiftGen */ = {
			isa = PBXShellScriptBuildPhase;
			buildActionMask = 2147483647;
			files = (
			);
			inputFileListPaths = (
			);
			inputPaths = (
			);
			name = SwiftGen;
			outputFileListPaths = (
			);
			outputPaths = (
			);
			runOnlyForDeploymentPostprocessing = 0;
			shellPath = /bin/sh;
			shellScript = "if [[ -f \"${PODS_ROOT}/SwiftGen/bin/swiftgen\" ]]; then\n  \"${PODS_ROOT}/SwiftGen/bin/swiftgen\"\nelse\n  echo \"warning: SwiftGen is not installed. Run 'pod install --repo-update' to install it.\"\nfi \n";
		};
		D74566C67A9C9C897D40A2EE /* [CP] Check Pods Manifest.lock */ = {
			isa = PBXShellScriptBuildPhase;
			buildActionMask = 2147483647;
			files = (
			);
			inputFileListPaths = (
			);
			inputPaths = (
				"${PODS_PODFILE_DIR_PATH}/Podfile.lock",
				"${PODS_ROOT}/Manifest.lock",
			);
			name = "[CP] Check Pods Manifest.lock";
			outputFileListPaths = (
			);
			outputPaths = (
				"$(DERIVED_FILE_DIR)/Pods-catalog-checkManifestLockResult.txt",
			);
			runOnlyForDeploymentPostprocessing = 0;
			shellPath = /bin/sh;
			shellScript = "diff \"${PODS_PODFILE_DIR_PATH}/Podfile.lock\" \"${PODS_ROOT}/Manifest.lock\" > /dev/null\nif [ $? != 0 ] ; then\n    # print error to STDERR\n    echo \"error: The sandbox is not in sync with the Podfile.lock. Run 'pod install' or update your CocoaPods installation.\" >&2\n    exit 1\nfi\n# This output is used by Xcode 'outputs' to avoid re-running this script phase.\necho \"SUCCESS\" > \"${SCRIPT_OUTPUT_FILE_0}\"\n";
			showEnvVarsInLog = 0;
		};
/* End PBXShellScriptBuildPhase section */

/* Begin PBXSourcesBuildPhase section */
		8429AD8F28B7927600D615F3 /* Sources */ = {
			isa = PBXSourcesBuildPhase;
			buildActionMask = 2147483647;
			files = (
				84196EDF28B92FA300A6FEF9 /* StoreContent.swift in Sources */,
				84196F0228BA380C00A6FEF9 /* QRView.swift in Sources */,
				8429ADD828B7FAD400D615F3 /* SearchView.swift in Sources */,
				8429ADB728B79F6700D615F3 /* MainViewController.swift in Sources */,
				84196EB128B810BB00A6FEF9 /* BannerMainCollectionViewCell.swift in Sources */,
				8429ADD228B7B14C00D615F3 /* CategoryMainCollectionViewCell.swift in Sources */,
				84196EB628B89B5E00A6FEF9 /* ProductView.swift in Sources */,
				8429ADC228B7A37E00D615F3 /* MainView.swift in Sources */,
				84196ED228B8E0B400A6FEF9 /* Strings+Generated.swift in Sources */,
				84196EAD28B7FF5600A6FEF9 /* SectionHeaderMainCollectionViewCell.swift in Sources */,
				8429ADC728B7A99E00D615F3 /* MainCollectionView+Layout.swift in Sources */,
				84196EB828B89B8900A6FEF9 /* ProductMainCollectionViewCell.swift in Sources */,
				8429ADBD28B7A20400D615F3 /* BaseViewConrtoller.swift in Sources */,
				8429ADD528B7B5EE00D615F3 /* MainModel.swift in Sources */,
				8429ADC028B7A2CC00D615F3 /* UIView+Extensions.swift in Sources */,
				84196EFE28B9F92600A6FEF9 /* Fonts+Generated.swift in Sources */,
				8429AD9728B7927600D615F3 /* AppDelegate.swift in Sources */,
				84196EDC28B92E8200A6FEF9 /* API.swift in Sources */,
				84196EDA28B92DBD00A6FEF9 /* Agent.swift in Sources */,
				8429ADDA28B7FB5F00D615F3 /* SearchMainCollectionView.swift in Sources */,
				84196ED328B8E0B400A6FEF9 /* XCAssets+Generated.swift in Sources */,
				8429ADC528B7A91B00D615F3 /* MainCollectionView.swift in Sources */,
				84196ED628B8FAE500A6FEF9 /* BounceButton.swift in Sources */,
			);
			runOnlyForDeploymentPostprocessing = 0;
		};
/* End PBXSourcesBuildPhase section */

/* Begin PBXVariantGroup section */
		84196EC728B8AB4400A6FEF9 /* Localizable.strings */ = {
			isa = PBXVariantGroup;
			children = (
				84196EC828B8AB4400A6FEF9 /* en */,
			);
			name = Localizable.strings;
			sourceTree = "<group>";
		};
		8429ADA128B7927700D615F3 /* LaunchScreen.storyboard */ = {
			isa = PBXVariantGroup;
			children = (
				8429ADA228B7927700D615F3 /* Base */,
			);
			name = LaunchScreen.storyboard;
			sourceTree = "<group>";
		};
/* End PBXVariantGroup section */

/* Begin XCBuildConfiguration section */
		8429ADA528B7927700D615F3 /* Debug */ = {
			isa = XCBuildConfiguration;
			buildSettings = {
				ALWAYS_SEARCH_USER_PATHS = NO;
				CLANG_ANALYZER_NONNULL = YES;
				CLANG_ANALYZER_NUMBER_OBJECT_CONVERSION = YES_AGGRESSIVE;
				CLANG_CXX_LANGUAGE_STANDARD = "gnu++17";
				CLANG_ENABLE_MODULES = YES;
				CLANG_ENABLE_OBJC_ARC = YES;
				CLANG_ENABLE_OBJC_WEAK = YES;
				CLANG_WARN_BLOCK_CAPTURE_AUTORELEASING = YES;
				CLANG_WARN_BOOL_CONVERSION = YES;
				CLANG_WARN_COMMA = YES;
				CLANG_WARN_CONSTANT_CONVERSION = YES;
				CLANG_WARN_DEPRECATED_OBJC_IMPLEMENTATIONS = YES;
				CLANG_WARN_DIRECT_OBJC_ISA_USAGE = YES_ERROR;
				CLANG_WARN_DOCUMENTATION_COMMENTS = YES;
				CLANG_WARN_EMPTY_BODY = YES;
				CLANG_WARN_ENUM_CONVERSION = YES;
				CLANG_WARN_INFINITE_RECURSION = YES;
				CLANG_WARN_INT_CONVERSION = YES;
				CLANG_WARN_NON_LITERAL_NULL_CONVERSION = YES;
				CLANG_WARN_OBJC_IMPLICIT_RETAIN_SELF = YES;
				CLANG_WARN_OBJC_LITERAL_CONVERSION = YES;
				CLANG_WARN_OBJC_ROOT_CLASS = YES_ERROR;
				CLANG_WARN_QUOTED_INCLUDE_IN_FRAMEWORK_HEADER = YES;
				CLANG_WARN_RANGE_LOOP_ANALYSIS = YES;
				CLANG_WARN_STRICT_PROTOTYPES = YES;
				CLANG_WARN_SUSPICIOUS_MOVE = YES;
				CLANG_WARN_UNGUARDED_AVAILABILITY = YES_AGGRESSIVE;
				CLANG_WARN_UNREACHABLE_CODE = YES;
				CLANG_WARN__DUPLICATE_METHOD_MATCH = YES;
				COPY_PHASE_STRIP = NO;
				DEBUG_INFORMATION_FORMAT = dwarf;
				ENABLE_STRICT_OBJC_MSGSEND = YES;
				ENABLE_TESTABILITY = YES;
				GCC_C_LANGUAGE_STANDARD = gnu11;
				GCC_DYNAMIC_NO_PIC = NO;
				GCC_NO_COMMON_BLOCKS = YES;
				GCC_OPTIMIZATION_LEVEL = 0;
				GCC_PREPROCESSOR_DEFINITIONS = (
					"DEBUG=1",
					"$(inherited)",
				);
				GCC_WARN_64_TO_32_BIT_CONVERSION = YES;
				GCC_WARN_ABOUT_RETURN_TYPE = YES_ERROR;
				GCC_WARN_UNDECLARED_SELECTOR = YES;
				GCC_WARN_UNINITIALIZED_AUTOS = YES_AGGRESSIVE;
				GCC_WARN_UNUSED_FUNCTION = YES;
				GCC_WARN_UNUSED_VARIABLE = YES;
				IPHONEOS_DEPLOYMENT_TARGET = 15.5;
				MTL_ENABLE_DEBUG_INFO = INCLUDE_SOURCE;
				MTL_FAST_MATH = YES;
				ONLY_ACTIVE_ARCH = YES;
				SDKROOT = iphoneos;
				SWIFT_ACTIVE_COMPILATION_CONDITIONS = DEBUG;
				SWIFT_OPTIMIZATION_LEVEL = "-Onone";
			};
			name = Debug;
		};
		8429ADA628B7927700D615F3 /* Release */ = {
			isa = XCBuildConfiguration;
			buildSettings = {
				ALWAYS_SEARCH_USER_PATHS = NO;
				CLANG_ANALYZER_NONNULL = YES;
				CLANG_ANALYZER_NUMBER_OBJECT_CONVERSION = YES_AGGRESSIVE;
				CLANG_CXX_LANGUAGE_STANDARD = "gnu++17";
				CLANG_ENABLE_MODULES = YES;
				CLANG_ENABLE_OBJC_ARC = YES;
				CLANG_ENABLE_OBJC_WEAK = YES;
				CLANG_WARN_BLOCK_CAPTURE_AUTORELEASING = YES;
				CLANG_WARN_BOOL_CONVERSION = YES;
				CLANG_WARN_COMMA = YES;
				CLANG_WARN_CONSTANT_CONVERSION = YES;
				CLANG_WARN_DEPRECATED_OBJC_IMPLEMENTATIONS = YES;
				CLANG_WARN_DIRECT_OBJC_ISA_USAGE = YES_ERROR;
				CLANG_WARN_DOCUMENTATION_COMMENTS = YES;
				CLANG_WARN_EMPTY_BODY = YES;
				CLANG_WARN_ENUM_CONVERSION = YES;
				CLANG_WARN_INFINITE_RECURSION = YES;
				CLANG_WARN_INT_CONVERSION = YES;
				CLANG_WARN_NON_LITERAL_NULL_CONVERSION = YES;
				CLANG_WARN_OBJC_IMPLICIT_RETAIN_SELF = YES;
				CLANG_WARN_OBJC_LITERAL_CONVERSION = YES;
				CLANG_WARN_OBJC_ROOT_CLASS = YES_ERROR;
				CLANG_WARN_QUOTED_INCLUDE_IN_FRAMEWORK_HEADER = YES;
				CLANG_WARN_RANGE_LOOP_ANALYSIS = YES;
				CLANG_WARN_STRICT_PROTOTYPES = YES;
				CLANG_WARN_SUSPICIOUS_MOVE = YES;
				CLANG_WARN_UNGUARDED_AVAILABILITY = YES_AGGRESSIVE;
				CLANG_WARN_UNREACHABLE_CODE = YES;
				CLANG_WARN__DUPLICATE_METHOD_MATCH = YES;
				COPY_PHASE_STRIP = NO;
				DEBUG_INFORMATION_FORMAT = "dwarf-with-dsym";
				ENABLE_NS_ASSERTIONS = NO;
				ENABLE_STRICT_OBJC_MSGSEND = YES;
				GCC_C_LANGUAGE_STANDARD = gnu11;
				GCC_NO_COMMON_BLOCKS = YES;
				GCC_WARN_64_TO_32_BIT_CONVERSION = YES;
				GCC_WARN_ABOUT_RETURN_TYPE = YES_ERROR;
				GCC_WARN_UNDECLARED_SELECTOR = YES;
				GCC_WARN_UNINITIALIZED_AUTOS = YES_AGGRESSIVE;
				GCC_WARN_UNUSED_FUNCTION = YES;
				GCC_WARN_UNUSED_VARIABLE = YES;
				IPHONEOS_DEPLOYMENT_TARGET = 15.5;
				MTL_ENABLE_DEBUG_INFO = NO;
				MTL_FAST_MATH = YES;
				SDKROOT = iphoneos;
				SWIFT_COMPILATION_MODE = wholemodule;
				SWIFT_OPTIMIZATION_LEVEL = "-O";
				VALIDATE_PRODUCT = YES;
			};
			name = Release;
		};
		8429ADA828B7927700D615F3 /* Debug */ = {
			isa = XCBuildConfiguration;
			baseConfigurationReference = 57EA46A80D19B75C70318CE0 /* Pods-catalog.debug.xcconfig */;
			buildSettings = {
				ASSETCATALOG_COMPILER_APPICON_NAME = AppIcon;
				ASSETCATALOG_COMPILER_GLOBAL_ACCENT_COLOR_NAME = AccentColor;
				CODE_SIGN_STYLE = Automatic;
				CURRENT_PROJECT_VERSION = 1;
				DEVELOPMENT_TEAM = 8TC4T4YW8P;
				GENERATE_INFOPLIST_FILE = YES;
				INFOPLIST_FILE = $PROJECT_DIR/catalog/Configuration/Info.plist;
				INFOPLIST_KEY_UIApplicationSupportsIndirectInputEvents = YES;
				INFOPLIST_KEY_UILaunchStoryboardName = LaunchScreen;
				INFOPLIST_KEY_UISupportedInterfaceOrientations_iPad = "UIInterfaceOrientationPortrait UIInterfaceOrientationPortraitUpsideDown UIInterfaceOrientationLandscapeLeft UIInterfaceOrientationLandscapeRight";
				INFOPLIST_KEY_UISupportedInterfaceOrientations_iPhone = "UIInterfaceOrientationPortrait UIInterfaceOrientationLandscapeLeft UIInterfaceOrientationLandscapeRight";
				IPHONEOS_DEPLOYMENT_TARGET = 13.0;
				LD_RUNPATH_SEARCH_PATHS = (
					"$(inherited)",
					"@executable_path/Frameworks",
				);
				MARKETING_VERSION = 1.0;
				PRODUCT_BUNDLE_IDENTIFIER = com.learn.local.catalog;
				PRODUCT_NAME = "$(TARGET_NAME)";
				SWIFT_EMIT_LOC_STRINGS = YES;
				SWIFT_VERSION = 5.0;
				TARGETED_DEVICE_FAMILY = "1,2";
			};
			name = Debug;
		};
		8429ADA928B7927700D615F3 /* Release */ = {
			isa = XCBuildConfiguration;
			baseConfigurationReference = 4E52BC360CDB3005494D3AD8 /* Pods-catalog.release.xcconfig */;
			buildSettings = {
				ASSETCATALOG_COMPILER_APPICON_NAME = AppIcon;
				ASSETCATALOG_COMPILER_GLOBAL_ACCENT_COLOR_NAME = AccentColor;
				CODE_SIGN_STYLE = Automatic;
				CURRENT_PROJECT_VERSION = 1;
				DEVELOPMENT_TEAM = 8TC4T4YW8P;
				GENERATE_INFOPLIST_FILE = YES;
				INFOPLIST_FILE = $PROJECT_DIR/catalog/Configuration/Info.plist;
				INFOPLIST_KEY_UIApplicationSupportsIndirectInputEvents = YES;
				INFOPLIST_KEY_UILaunchStoryboardName = LaunchScreen;
				INFOPLIST_KEY_UISupportedInterfaceOrientations_iPad = "UIInterfaceOrientationPortrait UIInterfaceOrientationPortraitUpsideDown UIInterfaceOrientationLandscapeLeft UIInterfaceOrientationLandscapeRight";
				INFOPLIST_KEY_UISupportedInterfaceOrientations_iPhone = "UIInterfaceOrientationPortrait UIInterfaceOrientationLandscapeLeft UIInterfaceOrientationLandscapeRight";
				IPHONEOS_DEPLOYMENT_TARGET = 13.0;
				LD_RUNPATH_SEARCH_PATHS = (
					"$(inherited)",
					"@executable_path/Frameworks",
				);
				MARKETING_VERSION = 1.0;
				PRODUCT_BUNDLE_IDENTIFIER = com.learn.local.catalog;
				PRODUCT_NAME = "$(TARGET_NAME)";
				SWIFT_EMIT_LOC_STRINGS = YES;
				SWIFT_VERSION = 5.0;
				TARGETED_DEVICE_FAMILY = "1,2";
			};
			name = Release;
		};
/* End XCBuildConfiguration section */

/* Begin XCConfigurationList section */
		8429AD8E28B7927600D615F3 /* Build configuration list for PBXProject "catalog" */ = {
			isa = XCConfigurationList;
			buildConfigurations = (
				8429ADA528B7927700D615F3 /* Debug */,
				8429ADA628B7927700D615F3 /* Release */,
			);
			defaultConfigurationIsVisible = 0;
			defaultConfigurationName = Release;
		};
		8429ADA728B7927700D615F3 /* Build configuration list for PBXNativeTarget "catalog" */ = {
			isa = XCConfigurationList;
			buildConfigurations = (
				8429ADA828B7927700D615F3 /* Debug */,
				8429ADA928B7927700D615F3 /* Release */,
			);
			defaultConfigurationIsVisible = 0;
			defaultConfigurationName = Release;
		};
/* End XCConfigurationList section */

/* Begin XCRemoteSwiftPackageReference section */
		84196EB928B8A72900A6FEF9 /* XCRemoteSwiftPackageReference "Kingfisher" */ = {
			isa = XCRemoteSwiftPackageReference;
			repositoryURL = "https://github.com/onevcat/Kingfisher.git";
			requirement = {
				kind = upToNextMajorVersion;
				minimumVersion = 7.0.0;
			};
		};
		8429ADCD28B7ADBD00D615F3 /* XCRemoteSwiftPackageReference "SnapKit" */ = {
			isa = XCRemoteSwiftPackageReference;
			repositoryURL = "https://github.com/SnapKit/SnapKit.git";
			requirement = {
				branch = develop;
				kind = branch;
			};
		};
/* End XCRemoteSwiftPackageReference section */

/* Begin XCSwiftPackageProductDependency section */
		84196EBA28B8A72900A6FEF9 /* Kingfisher */ = {
			isa = XCSwiftPackageProductDependency;
			package = 84196EB928B8A72900A6FEF9 /* XCRemoteSwiftPackageReference "Kingfisher" */;
			productName = Kingfisher;
		};
		8429ADCE28B7ADBD00D615F3 /* SnapKit */ = {
			isa = XCSwiftPackageProductDependency;
			package = 8429ADCD28B7ADBD00D615F3 /* XCRemoteSwiftPackageReference "SnapKit" */;
			productName = SnapKit;
		};
/* End XCSwiftPackageProductDependency section */
	};
	rootObject = 8429AD8B28B7927600D615F3 /* Project object */;
}
